// !$*UTF8*$!
{
	archiveVersion = 1;
	classes = {
	};
	objectVersion = 51;
	objects = {

/* Begin PBXBuildFile section */
		3495BB462542DADD009E721F /* ViewControllerExtension.swift in Sources */ = {isa = PBXBuildFile; fileRef = 3495BB452542DADD009E721F /* ViewControllerExtension.swift */; };
		3495BB492542E955009E721F /* DateExtension.swift in Sources */ = {isa = PBXBuildFile; fileRef = 3495BB482542E955009E721F /* DateExtension.swift */; };
		349C23192541CB6A001D120B /* AppDelegate.swift in Sources */ = {isa = PBXBuildFile; fileRef = 349C23182541CB6A001D120B /* AppDelegate.swift */; };
		349C231B2541CB6A001D120B /* SceneDelegate.swift in Sources */ = {isa = PBXBuildFile; fileRef = 349C231A2541CB6A001D120B /* SceneDelegate.swift */; };
		349C23202541CB6A001D120B /* Main.storyboard in Resources */ = {isa = PBXBuildFile; fileRef = 349C231E2541CB6A001D120B /* Main.storyboard */; };
		349C23222541CB6E001D120B /* Assets.xcassets in Resources */ = {isa = PBXBuildFile; fileRef = 349C23212541CB6E001D120B /* Assets.xcassets */; };
		349C23252541CB6E001D120B /* LaunchScreen.storyboard in Resources */ = {isa = PBXBuildFile; fileRef = 349C23232541CB6E001D120B /* LaunchScreen.storyboard */; };
		349C23312541CEDD001D120B /* TrackingMapViewController.swift in Sources */ = {isa = PBXBuildFile; fileRef = 349C23302541CEDD001D120B /* TrackingMapViewController.swift */; };
		349C23352541CEEC001D120B /* TrackingMapPresenter.swift in Sources */ = {isa = PBXBuildFile; fileRef = 349C23342541CEEC001D120B /* TrackingMapPresenter.swift */; };
		349C23382541CF5A001D120B /* TrackingMapModel.swift in Sources */ = {isa = PBXBuildFile; fileRef = 349C23372541CF5A001D120B /* TrackingMapModel.swift */; };
		349C233C2541D161001D120B /* Networking.swift in Sources */ = {isa = PBXBuildFile; fileRef = 349C233B2541D161001D120B /* Networking.swift */; };
		349C23432541D7BA001D120B /* TrackingService.swift in Sources */ = {isa = PBXBuildFile; fileRef = 349C23422541D7BA001D120B /* TrackingService.swift */; };
		349C23462541D7C7001D120B /* NewsService.swift in Sources */ = {isa = PBXBuildFile; fileRef = 349C23452541D7C7001D120B /* NewsService.swift */; };
		349C23492541D7D4001D120B /* CountriesService.swift in Sources */ = {isa = PBXBuildFile; fileRef = 349C23482541D7D4001D120B /* CountriesService.swift */; };
		349C234D2541D8D1001D120B /* CountryModel.swift in Sources */ = {isa = PBXBuildFile; fileRef = 349C234C2541D8D1001D120B /* CountryModel.swift */; };
		349C23502541D955001D120B /* NewsWrapperModel.swift in Sources */ = {isa = PBXBuildFile; fileRef = 349C234F2541D955001D120B /* NewsWrapperModel.swift */; };
		349C23552542313A001D120B /* ViewExtension.swift in Sources */ = {isa = PBXBuildFile; fileRef = 349C23542542313A001D120B /* ViewExtension.swift */; };
		349C235A25423331001D120B /* NewsViewController.swift in Sources */ = {isa = PBXBuildFile; fileRef = 349C235925423331001D120B /* NewsViewController.swift */; };
		349C235D25423370001D120B /* NewsPresenter.swift in Sources */ = {isa = PBXBuildFile; fileRef = 349C235C25423370001D120B /* NewsPresenter.swift */; };
		349C236025423450001D120B /* NewsCell.swift in Sources */ = {isa = PBXBuildFile; fileRef = 349C235F25423450001D120B /* NewsCell.swift */; };
		349C2365254249BA001D120B /* ImageViewExtension.swift in Sources */ = {isa = PBXBuildFile; fileRef = 349C2364254249BA001D120B /* ImageViewExtension.swift */; };
		D5410EF51448C734AF7916BC /* Pods_PWC_Task.framework in Frameworks */ = {isa = PBXBuildFile; fileRef = A9EBA026940B72CDB556E84A /* Pods_PWC_Task.framework */; };
/* End PBXBuildFile section */

/* Begin PBXFileReference section */
		3495BB452542DADD009E721F /* ViewControllerExtension.swift */ = {isa = PBXFileReference; lastKnownFileType = sourcecode.swift; path = ViewControllerExtension.swift; sourceTree = "<group>"; };
		3495BB482542E955009E721F /* DateExtension.swift */ = {isa = PBXFileReference; lastKnownFileType = sourcecode.swift; path = DateExtension.swift; sourceTree = "<group>"; };
		349C23152541CB6A001D120B /* PWC-Task.app */ = {isa = PBXFileReference; explicitFileType = wrapper.application; includeInIndex = 0; path = "PWC-Task.app"; sourceTree = BUILT_PRODUCTS_DIR; };
		349C23182541CB6A001D120B /* AppDelegate.swift */ = {isa = PBXFileReference; lastKnownFileType = sourcecode.swift; path = AppDelegate.swift; sourceTree = "<group>"; };
		349C231A2541CB6A001D120B /* SceneDelegate.swift */ = {isa = PBXFileReference; lastKnownFileType = sourcecode.swift; path = SceneDelegate.swift; sourceTree = "<group>"; };
		349C231F2541CB6A001D120B /* Base */ = {isa = PBXFileReference; lastKnownFileType = file.storyboard; name = Base; path = Base.lproj/Main.storyboard; sourceTree = "<group>"; };
		349C23212541CB6E001D120B /* Assets.xcassets */ = {isa = PBXFileReference; lastKnownFileType = folder.assetcatalog; path = Assets.xcassets; sourceTree = "<group>"; };
		349C23242541CB6E001D120B /* Base */ = {isa = PBXFileReference; lastKnownFileType = file.storyboard; name = Base; path = Base.lproj/LaunchScreen.storyboard; sourceTree = "<group>"; };
		349C23262541CB6E001D120B /* Info.plist */ = {isa = PBXFileReference; lastKnownFileType = text.plist.xml; path = Info.plist; sourceTree = "<group>"; };
		349C23302541CEDD001D120B /* TrackingMapViewController.swift */ = {isa = PBXFileReference; lastKnownFileType = sourcecode.swift; path = TrackingMapViewController.swift; sourceTree = "<group>"; };
		349C23342541CEEC001D120B /* TrackingMapPresenter.swift */ = {isa = PBXFileReference; lastKnownFileType = sourcecode.swift; path = TrackingMapPresenter.swift; sourceTree = "<group>"; };
		349C23372541CF5A001D120B /* TrackingMapModel.swift */ = {isa = PBXFileReference; lastKnownFileType = sourcecode.swift; path = TrackingMapModel.swift; sourceTree = "<group>"; };
		349C233B2541D161001D120B /* Networking.swift */ = {isa = PBXFileReference; lastKnownFileType = sourcecode.swift; path = Networking.swift; sourceTree = "<group>"; };
		349C23422541D7BA001D120B /* TrackingService.swift */ = {isa = PBXFileReference; lastKnownFileType = sourcecode.swift; path = TrackingService.swift; sourceTree = "<group>"; };
		349C23452541D7C7001D120B /* NewsService.swift */ = {isa = PBXFileReference; lastKnownFileType = sourcecode.swift; path = NewsService.swift; sourceTree = "<group>"; };
		349C23482541D7D4001D120B /* CountriesService.swift */ = {isa = PBXFileReference; lastKnownFileType = sourcecode.swift; path = CountriesService.swift; sourceTree = "<group>"; };
		349C234C2541D8D1001D120B /* CountryModel.swift */ = {isa = PBXFileReference; lastKnownFileType = sourcecode.swift; path = CountryModel.swift; sourceTree = "<group>"; };
		349C234F2541D955001D120B /* NewsWrapperModel.swift */ = {isa = PBXFileReference; lastKnownFileType = sourcecode.swift; path = NewsWrapperModel.swift; sourceTree = "<group>"; };
		349C23542542313A001D120B /* ViewExtension.swift */ = {isa = PBXFileReference; lastKnownFileType = sourcecode.swift; path = ViewExtension.swift; sourceTree = "<group>"; };
		349C235925423331001D120B /* NewsViewController.swift */ = {isa = PBXFileReference; lastKnownFileType = sourcecode.swift; path = NewsViewController.swift; sourceTree = "<group>"; };
		349C235C25423370001D120B /* NewsPresenter.swift */ = {isa = PBXFileReference; lastKnownFileType = sourcecode.swift; path = NewsPresenter.swift; sourceTree = "<group>"; };
		349C235F25423450001D120B /* NewsCell.swift */ = {isa = PBXFileReference; lastKnownFileType = sourcecode.swift; path = NewsCell.swift; sourceTree = "<group>"; };
		349C2364254249BA001D120B /* ImageViewExtension.swift */ = {isa = PBXFileReference; lastKnownFileType = sourcecode.swift; path = ImageViewExtension.swift; sourceTree = "<group>"; };
		42FB6B874A6F0087FA1DD35C /* Pods-PWC-Task.debug.xcconfig */ = {isa = PBXFileReference; includeInIndex = 1; lastKnownFileType = text.xcconfig; name = "Pods-PWC-Task.debug.xcconfig"; path = "Target Support Files/Pods-PWC-Task/Pods-PWC-Task.debug.xcconfig"; sourceTree = "<group>"; };
		A9EBA026940B72CDB556E84A /* Pods_PWC_Task.framework */ = {isa = PBXFileReference; explicitFileType = wrapper.framework; includeInIndex = 0; path = Pods_PWC_Task.framework; sourceTree = BUILT_PRODUCTS_DIR; };
		EAA896C7734FC0CB8BBEAA79 /* Pods-PWC-Task.release.xcconfig */ = {isa = PBXFileReference; includeInIndex = 1; lastKnownFileType = text.xcconfig; name = "Pods-PWC-Task.release.xcconfig"; path = "Target Support Files/Pods-PWC-Task/Pods-PWC-Task.release.xcconfig"; sourceTree = "<group>"; };
/* End PBXFileReference section */

/* Begin PBXFrameworksBuildPhase section */
		349C23122541CB6A001D120B /* Frameworks */ = {
			isa = PBXFrameworksBuildPhase;
			buildActionMask = 2147483647;
			files = (
				D5410EF51448C734AF7916BC /* Pods_PWC_Task.framework in Frameworks */,
			);
			runOnlyForDeploymentPostprocessing = 0;
		};
/* End PBXFrameworksBuildPhase section */

/* Begin PBXGroup section */
		349C230C2541CB6A001D120B = {
			isa = PBXGroup;
			children = (
				349C23172541CB6A001D120B /* PWC-Task */,
				349C23162541CB6A001D120B /* Products */,
				C549182EEE0485264175533F /* Pods */,
				3EF0C2B2B276AC5B4F75905C /* Frameworks */,
			);
			sourceTree = "<group>";
		};
		349C23162541CB6A001D120B /* Products */ = {
			isa = PBXGroup;
			children = (
				349C23152541CB6A001D120B /* PWC-Task.app */,
			);
			name = Products;
			sourceTree = "<group>";
		};
		349C23172541CB6A001D120B /* PWC-Task */ = {
			isa = PBXGroup;
			children = (
				349C23262541CB6E001D120B /* Info.plist */,
				349C2357254232FD001D120B /* Resources */,
				349C23532542312B001D120B /* Extension */,
				349C23412541D7A7001D120B /* Service */,
				349C233A2541D151001D120B /* Helper */,
				349C234B2541D8BE001D120B /* News */,
				349C232F2541CEBA001D120B /* Tracking */,
				349C23182541CB6A001D120B /* AppDelegate.swift */,
				349C231A2541CB6A001D120B /* SceneDelegate.swift */,
				349C231E2541CB6A001D120B /* Main.storyboard */,
				349C23232541CB6E001D120B /* LaunchScreen.storyboard */,
			);
			path = "PWC-Task";
			sourceTree = "<group>";
		};
		349C232F2541CEBA001D120B /* Tracking */ = {
			isa = PBXGroup;
			children = (
				349C23302541CEDD001D120B /* TrackingMapViewController.swift */,
				349C23342541CEEC001D120B /* TrackingMapPresenter.swift */,
				349C23372541CF5A001D120B /* TrackingMapModel.swift */,
			);
			path = Tracking;
			sourceTree = "<group>";
		};
		349C233A2541D151001D120B /* Helper */ = {
			isa = PBXGroup;
			children = (
				349C233B2541D161001D120B /* Networking.swift */,
			);
			path = Helper;
			sourceTree = "<group>";
		};
		349C23412541D7A7001D120B /* Service */ = {
			isa = PBXGroup;
			children = (
				349C23422541D7BA001D120B /* TrackingService.swift */,
				349C23452541D7C7001D120B /* NewsService.swift */,
				349C23482541D7D4001D120B /* CountriesService.swift */,
			);
			path = Service;
			sourceTree = "<group>";
		};
		349C234B2541D8BE001D120B /* News */ = {
			isa = PBXGroup;
			children = (
				349C234C2541D8D1001D120B /* CountryModel.swift */,
				349C234F2541D955001D120B /* NewsWrapperModel.swift */,
				349C235925423331001D120B /* NewsViewController.swift */,
				349C235C25423370001D120B /* NewsPresenter.swift */,
				349C235F25423450001D120B /* NewsCell.swift */,
			);
			path = News;
			sourceTree = "<group>";
		};
		349C23532542312B001D120B /* Extension */ = {
			isa = PBXGroup;
			children = (
				349C23542542313A001D120B /* ViewExtension.swift */,
				349C2364254249BA001D120B /* ImageViewExtension.swift */,
				3495BB452542DADD009E721F /* ViewControllerExtension.swift */,
				3495BB482542E955009E721F /* DateExtension.swift */,
			);
			path = Extension;
			sourceTree = "<group>";
		};
		349C2357254232FD001D120B /* Resources */ = {
			isa = PBXGroup;
			children = (
				349C23212541CB6E001D120B /* Assets.xcassets */,
			);
			path = Resources;
			sourceTree = "<group>";
		};
		3EF0C2B2B276AC5B4F75905C /* Frameworks */ = {
			isa = PBXGroup;
			children = (
				A9EBA026940B72CDB556E84A /* Pods_PWC_Task.framework */,
			);
			name = Frameworks;
			sourceTree = "<group>";
		};
		C549182EEE0485264175533F /* Pods */ = {
			isa = PBXGroup;
			children = (
				42FB6B874A6F0087FA1DD35C /* Pods-PWC-Task.debug.xcconfig */,
				EAA896C7734FC0CB8BBEAA79 /* Pods-PWC-Task.release.xcconfig */,
			);
			path = Pods;
			sourceTree = "<group>";
		};
/* End PBXGroup section */

/* Begin PBXNativeTarget section */
		349C23142541CB6A001D120B /* PWC-Task */ = {
			isa = PBXNativeTarget;
			buildConfigurationList = 349C23292541CB6E001D120B /* Build configuration list for PBXNativeTarget "PWC-Task" */;
			buildPhases = (
				73BB15F27213FF730329EC46 /* [CP] Check Pods Manifest.lock */,
				349C23112541CB6A001D120B /* Sources */,
				349C23122541CB6A001D120B /* Frameworks */,
				349C23132541CB6A001D120B /* Resources */,
				674CB6B1FA74F05E504D0F1D /* [CP] Embed Pods Frameworks */,
			);
			buildRules = (
			);
			dependencies = (
			);
			name = "PWC-Task";
			productName = "PWC-Task";
			productReference = 349C23152541CB6A001D120B /* PWC-Task.app */;
			productType = "com.apple.product-type.application";
		};
/* End PBXNativeTarget section */

/* Begin PBXProject section */
		349C230D2541CB6A001D120B /* Project object */ = {
			isa = PBXProject;
			attributes = {
				LastSwiftUpdateCheck = 1200;
				LastUpgradeCheck = 1200;
				TargetAttributes = {
					349C23142541CB6A001D120B = {
						CreatedOnToolsVersion = 12.0;
					};
				};
			};
			buildConfigurationList = 349C23102541CB6A001D120B /* Build configuration list for PBXProject "PWC-Task" */;
			compatibilityVersion = "Xcode 9.3";
			developmentRegion = en;
			hasScannedForEncodings = 0;
			knownRegions = (
				en,
				Base,
			);
			mainGroup = 349C230C2541CB6A001D120B;
			productRefGroup = 349C23162541CB6A001D120B /* Products */;
			projectDirPath = "";
			projectRoot = "";
			targets = (
				349C23142541CB6A001D120B /* PWC-Task */,
			);
		};
/* End PBXProject section */

/* Begin PBXResourcesBuildPhase section */
		349C23132541CB6A001D120B /* Resources */ = {
			isa = PBXResourcesBuildPhase;
			buildActionMask = 2147483647;
			files = (
				349C23252541CB6E001D120B /* LaunchScreen.storyboard in Resources */,
				349C23222541CB6E001D120B /* Assets.xcassets in Resources */,
				349C23202541CB6A001D120B /* Main.storyboard in Resources */,
			);
			runOnlyForDeploymentPostprocessing = 0;
		};
/* End PBXResourcesBuildPhase section */

/* Begin PBXShellScriptBuildPhase section */
		674CB6B1FA74F05E504D0F1D /* [CP] Embed Pods Frameworks */ = {
			isa = PBXShellScriptBuildPhase;
			buildActionMask = 2147483647;
			files = (
			);
			inputFileListPaths = (
				"${PODS_ROOT}/Target Support Files/Pods-PWC-Task/Pods-PWC-Task-frameworks-${CONFIGURATION}-input-files.xcfilelist",
			);
			name = "[CP] Embed Pods Frameworks";
			outputFileListPaths = (
				"${PODS_ROOT}/Target Support Files/Pods-PWC-Task/Pods-PWC-Task-frameworks-${CONFIGURATION}-output-files.xcfilelist",
			);
			runOnlyForDeploymentPostprocessing = 0;
			shellPath = /bin/sh;
			shellScript = "\"${PODS_ROOT}/Target Support Files/Pods-PWC-Task/Pods-PWC-Task-frameworks.sh\"\n";
			showEnvVarsInLog = 0;
		};
		73BB15F27213FF730329EC46 /* [CP] Check Pods Manifest.lock */ = {
			isa = PBXShellScriptBuildPhase;
			buildActionMask = 2147483647;
			files = (
			);
			inputFileListPaths = (
			);
			inputPaths = (
				"${PODS_PODFILE_DIR_PATH}/Podfile.lock",
				"${PODS_ROOT}/Manifest.lock",
			);
			name = "[CP] Check Pods Manifest.lock";
			outputFileListPaths = (
			);
			outputPaths = (
				"$(DERIVED_FILE_DIR)/Pods-PWC-Task-checkManifestLockResult.txt",
			);
			runOnlyForDeploymentPostprocessing = 0;
			shellPath = /bin/sh;
			shellScript = "diff \"${PODS_PODFILE_DIR_PATH}/Podfile.lock\" \"${PODS_ROOT}/Manifest.lock\" > /dev/null\nif [ $? != 0 ] ; then\n    # print error to STDERR\n    echo \"error: The sandbox is not in sync with the Podfile.lock. Run 'pod install' or update your CocoaPods installation.\" >&2\n    exit 1\nfi\n# This output is used by Xcode 'outputs' to avoid re-running this script phase.\necho \"SUCCESS\" > \"${SCRIPT_OUTPUT_FILE_0}\"\n";
			showEnvVarsInLog = 0;
		};
/* End PBXShellScriptBuildPhase section */

/* Begin PBXSourcesBuildPhase section */
		349C23112541CB6A001D120B /* Sources */ = {
			isa = PBXSourcesBuildPhase;
			buildActionMask = 2147483647;
			files = (
				349C23502541D955001D120B /* NewsWrapperModel.swift in Sources */,
				349C23382541CF5A001D120B /* TrackingMapModel.swift in Sources */,
				349C234D2541D8D1001D120B /* CountryModel.swift in Sources */,
				349C23192541CB6A001D120B /* AppDelegate.swift in Sources */,
				349C236025423450001D120B /* NewsCell.swift in Sources */,
				349C23462541D7C7001D120B /* NewsService.swift in Sources */,
				349C23312541CEDD001D120B /* TrackingMapViewController.swift in Sources */,
				349C235A25423331001D120B /* NewsViewController.swift in Sources */,
				349C23552542313A001D120B /* ViewExtension.swift in Sources */,
				349C23432541D7BA001D120B /* TrackingService.swift in Sources */,
				349C235D25423370001D120B /* NewsPresenter.swift in Sources */,
				349C23352541CEEC001D120B /* TrackingMapPresenter.swift in Sources */,
				349C231B2541CB6A001D120B /* SceneDelegate.swift in Sources */,
				349C23492541D7D4001D120B /* CountriesService.swift in Sources */,
				3495BB492542E955009E721F /* DateExtension.swift in Sources */,
				3495BB462542DADD009E721F /* ViewControllerExtension.swift in Sources */,
				349C2365254249BA001D120B /* ImageViewExtension.swift in Sources */,
				349C233C2541D161001D120B /* Networking.swift in Sources */,
			);
			runOnlyForDeploymentPostprocessing = 0;
		};
/* End PBXSourcesBuildPhase section */

/* Begin PBXVariantGroup section */
		349C231E2541CB6A001D120B /* Main.storyboard */ = {
			isa = PBXVariantGroup;
			children = (
				349C231F2541CB6A001D120B /* Base */,
			);
			name = Main.storyboard;
			sourceTree = "<group>";
		};
		349C23232541CB6E001D120B /* LaunchScreen.storyboard */ = {
			isa = PBXVariantGroup;
			children = (
				349C23242541CB6E001D120B /* Base */,
			);
			name = LaunchScreen.storyboard;
			sourceTree = "<group>";
		};
/* End PBXVariantGroup section */

/* Begin XCBuildConfiguration section */
		349C23272541CB6E001D120B /* Debug */ = {
			isa = XCBuildConfiguration;
			buildSettings = {
				ALWAYS_SEARCH_USER_PATHS = NO;
				CLANG_ANALYZER_NONNULL = YES;
				CLANG_ANALYZER_NUMBER_OBJECT_CONVERSION = YES_AGGRESSIVE;
				CLANG_CXX_LANGUAGE_STANDARD = "gnu++14";
				CLANG_CXX_LIBRARY = "libc++";
				CLANG_ENABLE_MODULES = YES;
				CLANG_ENABLE_OBJC_ARC = YES;
				CLANG_ENABLE_OBJC_WEAK = YES;
				CLANG_WARN_BLOCK_CAPTURE_AUTORELEASING = YES;
				CLANG_WARN_BOOL_CONVERSION = YES;
				CLANG_WARN_COMMA = YES;
				CLANG_WARN_CONSTANT_CONVERSION = YES;
				CLANG_WARN_DEPRECATED_OBJC_IMPLEMENTATIONS = YES;
				CLANG_WARN_DIRECT_OBJC_ISA_USAGE = YES_ERROR;
				CLANG_WARN_DOCUMENTATION_COMMENTS = YES;
				CLANG_WARN_EMPTY_BODY = YES;
				CLANG_WARN_ENUM_CONVERSION = YES;
				CLANG_WARN_INFINITE_RECURSION = YES;
				CLANG_WARN_INT_CONVERSION = YES;
				CLANG_WARN_NON_LITERAL_NULL_CONVERSION = YES;
				CLANG_WARN_OBJC_IMPLICIT_RETAIN_SELF = YES;
				CLANG_WARN_OBJC_LITERAL_CONVERSION = YES;
				CLANG_WARN_OBJC_ROOT_CLASS = YES_ERROR;
				CLANG_WARN_QUOTED_INCLUDE_IN_FRAMEWORK_HEADER = YES;
				CLANG_WARN_RANGE_LOOP_ANALYSIS = YES;
				CLANG_WARN_STRICT_PROTOTYPES = YES;
				CLANG_WARN_SUSPICIOUS_MOVE = YES;
				CLANG_WARN_UNGUARDED_AVAILABILITY = YES_AGGRESSIVE;
				CLANG_WARN_UNREACHABLE_CODE = YES;
				CLANG_WARN__DUPLICATE_METHOD_MATCH = YES;
				COPY_PHASE_STRIP = NO;
				DEBUG_INFORMATION_FORMAT = dwarf;
				ENABLE_STRICT_OBJC_MSGSEND = YES;
				ENABLE_TESTABILITY = YES;
				GCC_C_LANGUAGE_STANDARD = gnu11;
				GCC_DYNAMIC_NO_PIC = NO;
				GCC_NO_COMMON_BLOCKS = YES;
				GCC_OPTIMIZATION_LEVEL = 0;
				GCC_PREPROCESSOR_DEFINITIONS = (
					"DEBUG=1",
					"$(inherited)",
				);
				GCC_WARN_64_TO_32_BIT_CONVERSION = YES;
				GCC_WARN_ABOUT_RETURN_TYPE = YES_ERROR;
				GCC_WARN_UNDECLARED_SELECTOR = YES;
				GCC_WARN_UNINITIALIZED_AUTOS = YES_AGGRESSIVE;
				GCC_WARN_UNUSED_FUNCTION = YES;
				GCC_WARN_UNUSED_VARIABLE = YES;
				IPHONEOS_DEPLOYMENT_TARGET = 14.0;
				MTL_ENABLE_DEBUG_INFO = INCLUDE_SOURCE;
				MTL_FAST_MATH = YES;
				ONLY_ACTIVE_ARCH = YES;
				SDKROOT = iphoneos;
				SWIFT_ACTIVE_COMPILATION_CONDITIONS = DEBUG;
				SWIFT_OPTIMIZATION_LEVEL = "-Onone";
			};
			name = Debug;
		};
		349C23282541CB6E001D120B /* Release */ = {
			isa = XCBuildConfiguration;
			buildSettings = {
				ALWAYS_SEARCH_USER_PATHS = NO;
				CLANG_ANALYZER_NONNULL = YES;
				CLANG_ANALYZER_NUMBER_OBJECT_CONVERSION = YES_AGGRESSIVE;
				CLANG_CXX_LANGUAGE_STANDARD = "gnu++14";
				CLANG_CXX_LIBRARY = "libc++";
				CLANG_ENABLE_MODULES = YES;
				CLANG_ENABLE_OBJC_ARC = YES;
				CLANG_ENABLE_OBJC_WEAK = YES;
				CLANG_WARN_BLOCK_CAPTURE_AUTORELEASING = YES;
				CLANG_WARN_BOOL_CONVERSION = YES;
				CLANG_WARN_COMMA = YES;
				CLANG_WARN_CONSTANT_CONVERSION = YES;
				CLANG_WARN_DEPRECATED_OBJC_IMPLEMENTATIONS = YES;
				CLANG_WARN_DIRECT_OBJC_ISA_USAGE = YES_ERROR;
				CLANG_WARN_DOCUMENTATION_COMMENTS = YES;
				CLANG_WARN_EMPTY_BODY = YES;
				CLANG_WARN_ENUM_CONVERSION = YES;
				CLANG_WARN_INFINITE_RECURSION = YES;
				CLANG_WARN_INT_CONVERSION = YES;
				CLANG_WARN_NON_LITERAL_NULL_CONVERSION = YES;
				CLANG_WARN_OBJC_IMPLICIT_RETAIN_SELF = YES;
				CLANG_WARN_OBJC_LITERAL_CONVERSION = YES;
				CLANG_WARN_OBJC_ROOT_CLASS = YES_ERROR;
				CLANG_WARN_QUOTED_INCLUDE_IN_FRAMEWORK_HEADER = YES;
				CLANG_WARN_RANGE_LOOP_ANALYSIS = YES;
				CLANG_WARN_STRICT_PROTOTYPES = YES;
				CLANG_WARN_SUSPICIOUS_MOVE = YES;
				CLANG_WARN_UNGUARDED_AVAILABILITY = YES_AGGRESSIVE;
				CLANG_WARN_UNREACHABLE_CODE = YES;
				CLANG_WARN__DUPLICATE_METHOD_MATCH = YES;
				COPY_PHASE_STRIP = NO;
				DEBUG_INFORMATION_FORMAT = "dwarf-with-dsym";
				ENABLE_NS_ASSERTIONS = NO;
				ENABLE_STRICT_OBJC_MSGSEND = YES;
				GCC_C_LANGUAGE_STANDARD = gnu11;
				GCC_NO_COMMON_BLOCKS = YES;
				GCC_WARN_64_TO_32_BIT_CONVERSION = YES;
				GCC_WARN_ABOUT_RETURN_TYPE = YES_ERROR;
				GCC_WARN_UNDECLARED_SELECTOR = YES;
				GCC_WARN_UNINITIALIZED_AUTOS = YES_AGGRESSIVE;
				GCC_WARN_UNUSED_FUNCTION = YES;
				GCC_WARN_UNUSED_VARIABLE = YES;
				IPHONEOS_DEPLOYMENT_TARGET = 14.0;
				MTL_ENABLE_DEBUG_INFO = NO;
				MTL_FAST_MATH = YES;
				SDKROOT = iphoneos;
				SWIFT_COMPILATION_MODE = wholemodule;
				SWIFT_OPTIMIZATION_LEVEL = "-O";
				VALIDATE_PRODUCT = YES;
			};
			name = Release;
		};
		349C232A2541CB6E001D120B /* Debug */ = {
			isa = XCBuildConfiguration;
			baseConfigurationReference = 42FB6B874A6F0087FA1DD35C /* Pods-PWC-Task.debug.xcconfig */;
			buildSettings = {
				ASSETCATALOG_COMPILER_APPICON_NAME = AppIcon;
				ASSETCATALOG_COMPILER_GLOBAL_ACCENT_COLOR_NAME = AccentColor;
				CODE_SIGN_STYLE = Automatic;
				DEVELOPMENT_TEAM = W3J7B5YXU7;
				INFOPLIST_FILE = "PWC-Task/Info.plist";
				LD_RUNPATH_SEARCH_PATHS = (
					"$(inherited)",
					"@executable_path/Frameworks",
				);
				PRODUCT_BUNDLE_IDENTIFIER = "com.dialadahabi.PWC-Task";
				PRODUCT_NAME = "$(TARGET_NAME)";
				SWIFT_VERSION = 5.0;
				TARGETED_DEVICE_FAMILY = "1,2";
			};
			name = Debug;
		};
		349C232B2541CB6E001D120B /* Release */ = {
			isa = XCBuildConfiguration;
			baseConfigurationReference = EAA896C7734FC0CB8BBEAA79 /* Pods-PWC-Task.release.xcconfig */;
			buildSettings = {
				ASSETCATALOG_COMPILER_APPICON_NAME = AppIcon;
				ASSETCATALOG_COMPILER_GLOBAL_ACCENT_COLOR_NAME = AccentColor;
				CODE_SIGN_STYLE = Automatic;
				DEVELOPMENT_TEAM = W3J7B5YXU7;
				INFOPLIST_FILE = "PWC-Task/Info.plist";
				LD_RUNPATH_SEARCH_PATHS = (
					"$(inherited)",
					"@executable_path/Frameworks",
				);
				PRODUCT_BUNDLE_IDENTIFIER = "com.dialadahabi.PWC-Task";
				PRODUCT_NAME = "$(TARGET_NAME)";
				SWIFT_VERSION = 5.0;
				TARGETED_DEVICE_FAMILY = "1,2";
			};
			name = Release;
		};
/* End XCBuildConfiguration section */

/* Begin XCConfigurationList section */
		349C23102541CB6A001D120B /* Build configuration list for PBXProject "PWC-Task" */ = {
			isa = XCConfigurationList;
			buildConfigurations = (
				349C23272541CB6E001D120B /* Debug */,
				349C23282541CB6E001D120B /* Release */,
			);
			defaultConfigurationIsVisible = 0;
			defaultConfigurationName = Release;
		};
		349C23292541CB6E001D120B /* Build configuration list for PBXNativeTarget "PWC-Task" */ = {
			isa = XCConfigurationList;
			buildConfigurations = (
				349C232A2541CB6E001D120B /* Debug */,
				349C232B2541CB6E001D120B /* Release */,
			);
			defaultConfigurationIsVisible = 0;
			defaultConfigurationName = Release;
		};
/* End XCConfigurationList section */
	};
	rootObject = 349C230D2541CB6A001D120B /* Project object */;
}
